
Microsoft Visual Studio Solution File, Format Version 12.00
# Visual Studio Version 16
VisualStudioVersion = 16.0.34031.81
MinimumVisualStudioVersion = 10.0.40219.1
Project("{2150E333-8FDC-42A3-9474-1A3956D46DE8}") = "Task0", "Task0", "{A799EE59-11D4-4377-B5D6-48F593BAC501}"
EndProject
Project("{FAE04EC0-301F-11D3-BF4B-00C04F79EFBC}") = "Tyuiu.FedorenkoKS.Sprint1.Task0", "Tyuiu.FedorenkoKS.Sprint1.Task0\Tyuiu.FedorenkoKS.Sprint1.Task0.csproj", "{0A276FB5-FD76-4E34-9BB2-8DF3DBC1B84B}"
EndProject
Project("{FAE04EC0-301F-11D3-BF4B-00C04F79EFBC}") = "Tyuiu.FedorenkoKS.Sprint1.Task0.Lib", "Tyuiu.FedorenkoKS.Sprint1.Task0.Lib\Tyuiu.FedorenkoKS.Sprint1.Task0.Lib.csproj", "{38376E0C-DC28-4331-AA31-8DEEBD5C2684}"
EndProject
Project("{FAE04EC0-301F-11D3-BF4B-00C04F79EFBC}") = "Tyuiu.FedorenkoKS.Sprint1.Task0.Test", "Tyuiu.FedorenkoKS.Sprint1.Task0.Test\Tyuiu.FedorenkoKS.Sprint1.Task0.Test.csproj", "{B9929981-3A83-4FE7-B933-C569DA241BA5}"
EndProject
Project("{2150E333-8FDC-42A3-9474-1A3956D46DE8}") = "Task1", "Task1", "{1022645D-09C5-442D-85DC-FD5AFCFFB5B7}"
EndProject
Project("{FAE04EC0-301F-11D3-BF4B-00C04F79EFBC}") = "Tyuiu.FedorenkoKS.Sprint1.Task1.V14", "Tyuiu.FedorenkoKS.Sprint1.Task1.V14\Tyuiu.FedorenkoKS.Sprint1.Task1.V14.csproj", "{961AA809-0771-448B-8F94-6477448DCD5D}"
EndProject
Project("{FAE04EC0-301F-11D3-BF4B-00C04F79EFBC}") = "Tyuiu.FedorenkoKS.Sprint1.Task1.V14.Lib", "Tyuiu.FedorenkoKS.Sprint1.Task1.V14.Lib\Tyuiu.FedorenkoKS.Sprint1.Task1.V14.Lib.csproj", "{0B2B9260-4576-4358-8B85-8D61AA86BDB6}"
EndProject
Project("{FAE04EC0-301F-11D3-BF4B-00C04F79EFBC}") = "Tyuiu.FedorenkoKS.Sprint1.Task1.V14.Test", "Tyuiu.FedorenkoKS.Sprint1.Task1.V14.Test\Tyuiu.FedorenkoKS.Sprint1.Task1.V14.Test.csproj", "{1D402E41-E998-474F-A55E-78386CE1AED8}"
EndProject
Project("{2150E333-8FDC-42A3-9474-1A3956D46DE8}") = "Task2", "Task2", "{C4E8DFF8-1F7D-47F1-83B8-3D20346BEA62}"
EndProject
Project("{FAE04EC0-301F-11D3-BF4B-00C04F79EFBC}") = "Tyuiu.FedorenkoKS.Sprint1.Task2.V10.Test", "Tyuiu.FedorenkoKS.Sprint1.Task2.V10.Test\Tyuiu.FedorenkoKS.Sprint1.Task2.V10.Test.csproj", "{AF101E53-1E70-40D5-84D5-BA00B4E206F0}"
EndProject
Project("{FAE04EC0-301F-11D3-BF4B-00C04F79EFBC}") = "Tyuiu.FedorenkoKS.Sprint1.Task2.V10.Lib", "Tyuiu.FedorenkoKS.Sprint1.Task2.V10.Lib\Tyuiu.FedorenkoKS.Sprint1.Task2.V10.Lib.csproj", "{8103962A-0B9D-478E-AB9D-4CF2C6D4AFDC}"
EndProject
Project("{FAE04EC0-301F-11D3-BF4B-00C04F79EFBC}") = "Tyuiu.FedorenkoKS.Sprint1.Task2.V10", "Tyuiu.FedorenkoKS.Sprint1.Task2.V10\Tyuiu.FedorenkoKS.Sprint1.Task2.V10.csproj", "{7F06208D-D126-4744-BAB1-549E31F68874}"
EndProject
Project("{2150E333-8FDC-42A3-9474-1A3956D46DE8}") = "Task3", "Task3", "{450C8CC1-B1F9-4D79-813B-9310E86872CA}"
EndProject
Project("{FAE04EC0-301F-11D3-BF4B-00C04F79EFBC}") = "Tyuiu.FedorenkoKS.Sprint1.Task3.V19", "Tyuiu.FedorenkoKS.Sprint1.Task3.V19\Tyuiu.FedorenkoKS.Sprint1.Task3.V19.csproj", "{0797DDA7-4072-44D9-96F5-4F3E237D4138}"
EndProject
Project("{FAE04EC0-301F-11D3-BF4B-00C04F79EFBC}") = "Tyuiu.FedorenkoKS.Sprint1.Task3.V19.Lib", "Tyuiu.FedorenkoKS.Sprint1.Task3.V19.Lib\Tyuiu.FedorenkoKS.Sprint1.Task3.V19.Lib.csproj", "{A0C66620-E41E-40E3-A9BE-DB7A3E1769DE}"
EndProject
Project("{FAE04EC0-301F-11D3-BF4B-00C04F79EFBC}") = "Tyuiu.FedorenkoKS.Sprint1.Task3.V19.Test", "Tyuiu.FedorenkoKS.Sprint1.Task3.V19.Test\Tyuiu.FedorenkoKS.Sprint1.Task3.V19.Test.csproj", "{AA08F7F7-10D8-4C4F-8AF5-23106A5C9BF5}"
EndProject
Project("{2150E333-8FDC-42A3-9474-1A3956D46DE8}") = "Task4", "Task4", "{53A43AF1-7D59-48D6-8B14-1BE09AC606AC}"
EndProject
Project("{FAE04EC0-301F-11D3-BF4B-00C04F79EFBC}") = "Tyuiu.FedorenkoKS.Sprint1.Task4.V7.Test", "Tyuiu.FedorenkoKS.Sprint1.Task4.V7.Test\Tyuiu.FedorenkoKS.Sprint1.Task4.V7.Test.csproj", "{32B3D4F6-B55D-441D-A795-7AAAA3600EDA}"
EndProject
Project("{FAE04EC0-301F-11D3-BF4B-00C04F79EFBC}") = "Tyuiu.FedorenkoKS.Sprint1.Task4.V7.Lib", "Tyuiu.FedorenkoKS.Sprint1.Task4.V7.Lib\Tyuiu.FedorenkoKS.Sprint1.Task4.V7.Lib.csproj", "{6B32C6FA-DCEE-4DA1-B0A3-877724167038}"
EndProject
Project("{FAE04EC0-301F-11D3-BF4B-00C04F79EFBC}") = "Tyuiu.FedorenkoKS.Sprint1.Task4.V7", "Tyuiu.FedorenkoKS.Sprint1.Task4.V7\Tyuiu.FedorenkoKS.Sprint1.Task4.V7.csproj", "{FE7DCF91-180D-4C73-AE5A-9BFF5E285B70}"
EndProject
Project("{2150E333-8FDC-42A3-9474-1A3956D46DE8}") = "Task5", "Task5", "{5E763E4E-2AE6-4213-9608-9C3BE8E5A507}"
EndProject
Project("{FAE04EC0-301F-11D3-BF4B-00C04F79EFBC}") = "Tyuiu.FedorenkoKS.Sprint1.Task5.V1", "Tyuiu.FedorenkoKS.Sprint1.Task5.V1\Tyuiu.FedorenkoKS.Sprint1.Task5.V1.csproj", "{EFC02A59-6642-48F6-AEE5-C13D61FA0CD2}"
EndProject
Project("{FAE04EC0-301F-11D3-BF4B-00C04F79EFBC}") = "Tyuiu.FedorenkoKS.Sprint1.Task5.V1.Lib", "Tyuiu.FedorenkoKS.Sprint1.Task5.V1.Lib\Tyuiu.FedorenkoKS.Sprint1.Task5.V1.Lib.csproj", "{977E447E-AF74-4D78-87EB-3C79E92314E9}"
EndProject
Project("{FAE04EC0-301F-11D3-BF4B-00C04F79EFBC}") = "Tyuiu.FedorenkoKS.Sprint1.Task5.V1.Test", "Tyuiu.FedorenkoKS.Sprint1.Task5.V1.Test\Tyuiu.FedorenkoKS.Sprint1.Task5.V1.Test.csproj", "{C4E9F4A2-58AF-4B2E-8E9A-0487D4EA047E}"
EndProject
Global
	GlobalSection(SolutionConfigurationPlatforms) = preSolution
		Debug|Any CPU = Debug|Any CPU
		Release|Any CPU = Release|Any CPU
	EndGlobalSection
	GlobalSection(ProjectConfigurationPlatforms) = postSolution
		{0A276FB5-FD76-4E34-9BB2-8DF3DBC1B84B}.Debug|Any CPU.ActiveCfg = Debug|Any CPU
		{0A276FB5-FD76-4E34-9BB2-8DF3DBC1B84B}.Debug|Any CPU.Build.0 = Debug|Any CPU
		{0A276FB5-FD76-4E34-9BB2-8DF3DBC1B84B}.Release|Any CPU.ActiveCfg = Release|Any CPU
		{0A276FB5-FD76-4E34-9BB2-8DF3DBC1B84B}.Release|Any CPU.Build.0 = Release|Any CPU
		{38376E0C-DC28-4331-AA31-8DEEBD5C2684}.Debug|Any CPU.ActiveCfg = Debug|Any CPU
		{38376E0C-DC28-4331-AA31-8DEEBD5C2684}.Debug|Any CPU.Build.0 = Debug|Any CPU
		{38376E0C-DC28-4331-AA31-8DEEBD5C2684}.Release|Any CPU.ActiveCfg = Release|Any CPU
		{38376E0C-DC28-4331-AA31-8DEEBD5C2684}.Release|Any CPU.Build.0 = Release|Any CPU
		{B9929981-3A83-4FE7-B933-C569DA241BA5}.Debug|Any CPU.ActiveCfg = Debug|Any CPU
		{B9929981-3A83-4FE7-B933-C569DA241BA5}.Debug|Any CPU.Build.0 = Debug|Any CPU
		{B9929981-3A83-4FE7-B933-C569DA241BA5}.Release|Any CPU.ActiveCfg = Release|Any CPU
		{B9929981-3A83-4FE7-B933-C569DA241BA5}.Release|Any CPU.Build.0 = Release|Any CPU
		{961AA809-0771-448B-8F94-6477448DCD5D}.Debug|Any CPU.ActiveCfg = Debug|Any CPU
		{961AA809-0771-448B-8F94-6477448DCD5D}.Debug|Any CPU.Build.0 = Debug|Any CPU
		{961AA809-0771-448B-8F94-6477448DCD5D}.Release|Any CPU.ActiveCfg = Release|Any CPU
		{961AA809-0771-448B-8F94-6477448DCD5D}.Release|Any CPU.Build.0 = Release|Any CPU
		{0B2B9260-4576-4358-8B85-8D61AA86BDB6}.Debug|Any CPU.ActiveCfg = Debug|Any CPU
		{0B2B9260-4576-4358-8B85-8D61AA86BDB6}.Debug|Any CPU.Build.0 = Debug|Any CPU
		{0B2B9260-4576-4358-8B85-8D61AA86BDB6}.Release|Any CPU.ActiveCfg = Release|Any CPU
		{0B2B9260-4576-4358-8B85-8D61AA86BDB6}.Release|Any CPU.Build.0 = Release|Any CPU
		{1D402E41-E998-474F-A55E-78386CE1AED8}.Debug|Any CPU.ActiveCfg = Debug|Any CPU
		{1D402E41-E998-474F-A55E-78386CE1AED8}.Debug|Any CPU.Build.0 = Debug|Any CPU
		{1D402E41-E998-474F-A55E-78386CE1AED8}.Release|Any CPU.ActiveCfg = Release|Any CPU
		{1D402E41-E998-474F-A55E-78386CE1AED8}.Release|Any CPU.Build.0 = Release|Any CPU
		{AF101E53-1E70-40D5-84D5-BA00B4E206F0}.Debug|Any CPU.ActiveCfg = Debug|Any CPU
		{AF101E53-1E70-40D5-84D5-BA00B4E206F0}.Debug|Any CPU.Build.0 = Debug|Any CPU
		{AF101E53-1E70-40D5-84D5-BA00B4E206F0}.Release|Any CPU.ActiveCfg = Release|Any CPU
		{AF101E53-1E70-40D5-84D5-BA00B4E206F0}.Release|Any CPU.Build.0 = Release|Any CPU
		{8103962A-0B9D-478E-AB9D-4CF2C6D4AFDC}.Debug|Any CPU.ActiveCfg = Debug|Any CPU
		{8103962A-0B9D-478E-AB9D-4CF2C6D4AFDC}.Debug|Any CPU.Build.0 = Debug|Any CPU
		{8103962A-0B9D-478E-AB9D-4CF2C6D4AFDC}.Release|Any CPU.ActiveCfg = Release|Any CPU
		{8103962A-0B9D-478E-AB9D-4CF2C6D4AFDC}.Release|Any CPU.Build.0 = Release|Any CPU
		{7F06208D-D126-4744-BAB1-549E31F68874}.Debug|Any CPU.ActiveCfg = Debug|Any CPU
		{7F06208D-D126-4744-BAB1-549E31F68874}.Debug|Any CPU.Build.0 = Debug|Any CPU
		{7F06208D-D126-4744-BAB1-549E31F68874}.Release|Any CPU.ActiveCfg = Release|Any CPU
		{7F06208D-D126-4744-BAB1-549E31F68874}.Release|Any CPU.Build.0 = Release|Any CPU
		{0797DDA7-4072-44D9-96F5-4F3E237D4138}.Debug|Any CPU.ActiveCfg = Debug|Any CPU
		{0797DDA7-4072-44D9-96F5-4F3E237D4138}.Debug|Any CPU.Build.0 = Debug|Any CPU
		{0797DDA7-4072-44D9-96F5-4F3E237D4138}.Release|Any CPU.ActiveCfg = Release|Any CPU
		{0797DDA7-4072-44D9-96F5-4F3E237D4138}.Release|Any CPU.Build.0 = Release|Any CPU
		{A0C66620-E41E-40E3-A9BE-DB7A3E1769DE}.Debug|Any CPU.ActiveCfg = Debug|Any CPU
		{A0C66620-E41E-40E3-A9BE-DB7A3E1769DE}.Debug|Any CPU.Build.0 = Debug|Any CPU
		{A0C66620-E41E-40E3-A9BE-DB7A3E1769DE}.Release|Any CPU.ActiveCfg = Release|Any CPU
		{A0C66620-E41E-40E3-A9BE-DB7A3E1769DE}.Release|Any CPU.Build.0 = Release|Any CPU
		{AA08F7F7-10D8-4C4F-8AF5-23106A5C9BF5}.Debug|Any CPU.ActiveCfg = Debug|Any CPU
		{AA08F7F7-10D8-4C4F-8AF5-23106A5C9BF5}.Debug|Any CPU.Build.0 = Debug|Any CPU
		{AA08F7F7-10D8-4C4F-8AF5-23106A5C9BF5}.Release|Any CPU.ActiveCfg = Release|Any CPU
		{AA08F7F7-10D8-4C4F-8AF5-23106A5C9BF5}.Release|Any CPU.Build.0 = Release|Any CPU
		{32B3D4F6-B55D-441D-A795-7AAAA3600EDA}.Debug|Any CPU.ActiveCfg = Debug|Any CPU
		{32B3D4F6-B55D-441D-A795-7AAAA3600EDA}.Debug|Any CPU.Build.0 = Debug|Any CPU
		{32B3D4F6-B55D-441D-A795-7AAAA3600EDA}.Release|Any CPU.ActiveCfg = Release|Any CPU
		{32B3D4F6-B55D-441D-A795-7AAAA3600EDA}.Release|Any CPU.Build.0 = Release|Any CPU
		{6B32C6FA-DCEE-4DA1-B0A3-877724167038}.Debug|Any CPU.ActiveCfg = Debug|Any CPU
		{6B32C6FA-DCEE-4DA1-B0A3-877724167038}.Debug|Any CPU.Build.0 = Debug|Any CPU
		{6B32C6FA-DCEE-4DA1-B0A3-877724167038}.Release|Any CPU.ActiveCfg = Release|Any CPU
		{6B32C6FA-DCEE-4DA1-B0A3-877724167038}.Release|Any CPU.Build.0 = Release|Any CPU
		{FE7DCF91-180D-4C73-AE5A-9BFF5E285B70}.Debug|Any CPU.ActiveCfg = Debug|Any CPU
		{FE7DCF91-180D-4C73-AE5A-9BFF5E285B70}.Debug|Any CPU.Build.0 = Debug|Any CPU
		{FE7DCF91-180D-4C73-AE5A-9BFF5E285B70}.Release|Any CPU.ActiveCfg = Release|Any CPU
		{FE7DCF91-180D-4C73-AE5A-9BFF5E285B70}.Release|Any CPU.Build.0 = Release|Any CPU
		{EFC02A59-6642-48F6-AEE5-C13D61FA0CD2}.Debug|Any CPU.ActiveCfg = Debug|Any CPU
		{EFC02A59-6642-48F6-AEE5-C13D61FA0CD2}.Debug|Any CPU.Build.0 = Debug|Any CPU
		{EFC02A59-6642-48F6-AEE5-C13D61FA0CD2}.Release|Any CPU.ActiveCfg = Release|Any CPU
		{EFC02A59-6642-48F6-AEE5-C13D61FA0CD2}.Release|Any CPU.Build.0 = Release|Any CPU
		{977E447E-AF74-4D78-87EB-3C79E92314E9}.Debug|Any CPU.ActiveCfg = Debug|Any CPU
		{977E447E-AF74-4D78-87EB-3C79E92314E9}.Debug|Any CPU.Build.0 = Debug|Any CPU
		{977E447E-AF74-4D78-87EB-3C79E92314E9}.Release|Any CPU.ActiveCfg = Release|Any CPU
		{977E447E-AF74-4D78-87EB-3C79E92314E9}.Release|Any CPU.Build.0 = Release|Any CPU
		{C4E9F4A2-58AF-4B2E-8E9A-0487D4EA047E}.Debug|Any CPU.ActiveCfg = Debug|Any CPU
		{C4E9F4A2-58AF-4B2E-8E9A-0487D4EA047E}.Debug|Any CPU.Build.0 = Debug|Any CPU
		{C4E9F4A2-58AF-4B2E-8E9A-0487D4EA047E}.Release|Any CPU.ActiveCfg = Release|Any CPU
		{C4E9F4A2-58AF-4B2E-8E9A-0487D4EA047E}.Release|Any CPU.Build.0 = Release|Any CPU
	EndGlobalSection
	GlobalSection(SolutionProperties) = preSolution
		HideSolutionNode = FALSE
	EndGlobalSection
	GlobalSection(NestedProjects) = preSolution
		{0A276FB5-FD76-4E34-9BB2-8DF3DBC1B84B} = {A799EE59-11D4-4377-B5D6-48F593BAC501}
		{38376E0C-DC28-4331-AA31-8DEEBD5C2684} = {A799EE59-11D4-4377-B5D6-48F593BAC501}
		{B9929981-3A83-4FE7-B933-C569DA241BA5} = {A799EE59-11D4-4377-B5D6-48F593BAC501}
		{961AA809-0771-448B-8F94-6477448DCD5D} = {1022645D-09C5-442D-85DC-FD5AFCFFB5B7}
		{0B2B9260-4576-4358-8B85-8D61AA86BDB6} = {1022645D-09C5-442D-85DC-FD5AFCFFB5B7}
		{1D402E41-E998-474F-A55E-78386CE1AED8} = {1022645D-09C5-442D-85DC-FD5AFCFFB5B7}
		{AF101E53-1E70-40D5-84D5-BA00B4E206F0} = {C4E8DFF8-1F7D-47F1-83B8-3D20346BEA62}
		{8103962A-0B9D-478E-AB9D-4CF2C6D4AFDC} = {C4E8DFF8-1F7D-47F1-83B8-3D20346BEA62}
		{7F06208D-D126-4744-BAB1-549E31F68874} = {C4E8DFF8-1F7D-47F1-83B8-3D20346BEA62}
		{0797DDA7-4072-44D9-96F5-4F3E237D4138} = {450C8CC1-B1F9-4D79-813B-9310E86872CA}
		{A0C66620-E41E-40E3-A9BE-DB7A3E1769DE} = {450C8CC1-B1F9-4D79-813B-9310E86872CA}
		{AA08F7F7-10D8-4C4F-8AF5-23106A5C9BF5} = {450C8CC1-B1F9-4D79-813B-9310E86872CA}
		{32B3D4F6-B55D-441D-A795-7AAAA3600EDA} = {53A43AF1-7D59-48D6-8B14-1BE09AC606AC}
		{6B32C6FA-DCEE-4DA1-B0A3-877724167038} = {53A43AF1-7D59-48D6-8B14-1BE09AC606AC}
		{FE7DCF91-180D-4C73-AE5A-9BFF5E285B70} = {53A43AF1-7D59-48D6-8B14-1BE09AC606AC}
		{EFC02A59-6642-48F6-AEE5-C13D61FA0CD2} = {5E763E4E-2AE6-4213-9608-9C3BE8E5A507}
		{977E447E-AF74-4D78-87EB-3C79E92314E9} = {5E763E4E-2AE6-4213-9608-9C3BE8E5A507}
		{C4E9F4A2-58AF-4B2E-8E9A-0487D4EA047E} = {5E763E4E-2AE6-4213-9608-9C3BE8E5A507}
	EndGlobalSection
	GlobalSection(ExtensibilityGlobals) = postSolution
		SolutionGuid = {E6403AE3-4B37-44E6-8C38-A5EBD3D01CFE}
	EndGlobalSection
EndGlobal
